
Microsoft Visual Studio Solution File, Format Version 12.00
# Visual Studio Version 16
VisualStudioVersion = 16.0.30114.105
MinimumVisualStudioVersion = 10.0.40219.1
Project("{FAE04EC0-301F-11D3-BF4B-00C04F79EFBC}") = "SignalR", "SignalR\AnvilAnSignalRalyzer.csproj", "{B7C626AC-D4D0-4D47-8E66-0540454B077E}"
EndProject
Project("{FAE04EC0-301F-11D3-BF4B-00C04F79EFBC}") = "SignalR.Test", "SignalR.Test\SignalR.Test.csproj", "{67B6E4AA-0FD7-4A01-817B-A892CA2EA5EF}"
EndProject
Global
	GlobalSection(SolutionConfigurationPlatforms) = preSolution
		Debug|Any CPU = Debug|Any CPU
		Release|Any CPU = Release|Any CPU
	EndGlobalSection
	GlobalSection(SolutionProperties) = preSolution
		HideSolutionNode = FALSE
	EndGlobalSection
	GlobalSection(ProjectConfigurationPlatforms) = postSolution
		{B7C626AC-D4D0-4D47-8E66-0540454B077E}.Debug|Any CPU.ActiveCfg = Debug|Any CPU
		{B7C626AC-D4D0-4D47-8E66-0540454B077E}.Debug|Any CPU.Build.0 = Debug|Any CPU
		{B7C626AC-D4D0-4D47-8E66-0540454B077E}.Release|Any CPU.ActiveCfg = Release|Any CPU
		{B7C626AC-D4D0-4D47-8E66-0540454B077E}.Release|Any CPU.Build.0 = Release|Any CPU
		{67B6E4AA-0FD7-4A01-817B-A892CA2EA5EF}.Debug|Any CPU.ActiveCfg = Debug|Any CPU
		{67B6E4AA-0FD7-4A01-817B-A892CA2EA5EF}.Debug|Any CPU.Build.0 = Debug|Any CPU
		{67B6E4AA-0FD7-4A01-817B-A892CA2EA5EF}.Release|Any CPU.ActiveCfg = Release|Any CPU
		{67B6E4AA-0FD7-4A01-817B-A892CA2EA5EF}.Release|Any CPU.Build.0 = Release|Any CPU
	EndGlobalSection
EndGlobal
